
Microsoft Visual Studio Solution File, Format Version 12.00
# Visual Studio Version 17
VisualStudioVersion = 17.14.36310.24
MinimumVisualStudioVersion = 10.0.40219.1
Project("{2150E333-8FDC-42A3-9474-1A3956D46DE8}") = "Shared", "Shared", "{36D591C7-65C7-A0D1-1CBC-10CDE441BDC8}"
EndProject
Project("{FAE04EC0-301F-11D3-BF4B-00C04F79EFBC}") = "Hostel.Shared.Kernel", "Shared\Hostel.Shared.Kernel\Hostel.Shared.Kernel.csproj", "{161EEC9F-719E-44DB-BC5F-DDA445EAAF98}"
EndProject
Project("{2150E333-8FDC-42A3-9474-1A3956D46DE8}") = "src", "src", "{392584A0-570A-4126-998B-9D2CE5B571C3}"
EndProject
Project("{FAE04EC0-301F-11D3-BF4B-00C04F79EFBC}") = "Hostel.SH.Domain", "src\Hostel.SH.Domain\Hostel.SH.Domain.csproj", "{821F509E-39D5-45E8-9C3B-FA9CDFD1B701}"
EndProject
Project("{FAE04EC0-301F-11D3-BF4B-00C04F79EFBC}") = "Hostel.Domain.Primitives", "Shared\Hostel.Domain.Primitives\Hostel.Domain.Primitives.csproj", "{C23A6C3C-B1F7-4B4D-8C7C-91D1F05F0731}"
EndProject
Project("{FAE04EC0-301F-11D3-BF4B-00C04F79EFBC}") = "Hostel.SU.Domain", "src\Hostel.SU.Domain\Hostel.SU.Domain.csproj", "{8FDC50C7-D3EA-4BAD-9E43-BE499E9AD684}"
EndProject
Project("{2150E333-8FDC-42A3-9474-1A3956D46DE8}") = "tests", "tests", "{83B5A4CA-1CE4-4CCC-B8D4-3E2BF49C0378}"
EndProject
Project("{FAE04EC0-301F-11D3-BF4B-00C04F79EFBC}") = "Hostel.SharedPrimitives.Tests", "tests\Hostel.SharedPrimitives.Tests\Hostel.SharedPrimitives.Tests.csproj", "{DF5819D6-A87D-4D16-A1E5-2B2D7408A980}"
EndProject
Project("{FAE04EC0-301F-11D3-BF4B-00C04F79EFBC}") = "Hostel.SUDomain.Tests", "tests\Hostel.SUDomain.Tests\Hostel.SUDomain.Tests.csproj", "{AD8EDDC4-E006-4D3E-A819-954B50101BD0}"
EndProject
Project("{FAE04EC0-301F-11D3-BF4B-00C04F79EFBC}") = "Hostel.SU.Application", "src\Hostel.SU.Application\Hostel.SU.Application.csproj", "{170AAA15-8D50-4135-9A91-1C17AB795DE2}"
EndProject
Project("{FAE04EC0-301F-11D3-BF4B-00C04F79EFBC}") = "Hostel.Shared.Application.Common", "Shared\Hostel.Shared.Application.Common\Hostel.Shared.Application.Common.csproj", "{CBCF3AA3-4FE9-4062-8238-2956445A5089}"
EndProject
Global
	GlobalSection(SolutionConfigurationPlatforms) = preSolution
		Debug|Any CPU = Debug|Any CPU
		Release|Any CPU = Release|Any CPU
	EndGlobalSection
	GlobalSection(ProjectConfigurationPlatforms) = postSolution
		{161EEC9F-719E-44DB-BC5F-DDA445EAAF98}.Debug|Any CPU.ActiveCfg = Debug|Any CPU
		{161EEC9F-719E-44DB-BC5F-DDA445EAAF98}.Debug|Any CPU.Build.0 = Debug|Any CPU
		{161EEC9F-719E-44DB-BC5F-DDA445EAAF98}.Release|Any CPU.ActiveCfg = Release|Any CPU
		{161EEC9F-719E-44DB-BC5F-DDA445EAAF98}.Release|Any CPU.Build.0 = Release|Any CPU
		{821F509E-39D5-45E8-9C3B-FA9CDFD1B701}.Debug|Any CPU.ActiveCfg = Debug|Any CPU
		{821F509E-39D5-45E8-9C3B-FA9CDFD1B701}.Debug|Any CPU.Build.0 = Debug|Any CPU
		{821F509E-39D5-45E8-9C3B-FA9CDFD1B701}.Release|Any CPU.ActiveCfg = Release|Any CPU
		{821F509E-39D5-45E8-9C3B-FA9CDFD1B701}.Release|Any CPU.Build.0 = Release|Any CPU
		{C23A6C3C-B1F7-4B4D-8C7C-91D1F05F0731}.Debug|Any CPU.ActiveCfg = Debug|Any CPU
		{C23A6C3C-B1F7-4B4D-8C7C-91D1F05F0731}.Debug|Any CPU.Build.0 = Debug|Any CPU
		{C23A6C3C-B1F7-4B4D-8C7C-91D1F05F0731}.Release|Any CPU.ActiveCfg = Release|Any CPU
		{C23A6C3C-B1F7-4B4D-8C7C-91D1F05F0731}.Release|Any CPU.Build.0 = Release|Any CPU
		{8FDC50C7-D3EA-4BAD-9E43-BE499E9AD684}.Debug|Any CPU.ActiveCfg = Debug|Any CPU
		{8FDC50C7-D3EA-4BAD-9E43-BE499E9AD684}.Debug|Any CPU.Build.0 = Debug|Any CPU
		{8FDC50C7-D3EA-4BAD-9E43-BE499E9AD684}.Release|Any CPU.ActiveCfg = Release|Any CPU
		{8FDC50C7-D3EA-4BAD-9E43-BE499E9AD684}.Release|Any CPU.Build.0 = Release|Any CPU
		{DF5819D6-A87D-4D16-A1E5-2B2D7408A980}.Debug|Any CPU.ActiveCfg = Debug|Any CPU
		{DF5819D6-A87D-4D16-A1E5-2B2D7408A980}.Debug|Any CPU.Build.0 = Debug|Any CPU
		{DF5819D6-A87D-4D16-A1E5-2B2D7408A980}.Release|Any CPU.ActiveCfg = Release|Any CPU
		{DF5819D6-A87D-4D16-A1E5-2B2D7408A980}.Release|Any CPU.Build.0 = Release|Any CPU
		{AD8EDDC4-E006-4D3E-A819-954B50101BD0}.Debug|Any CPU.ActiveCfg = Debug|Any CPU
		{AD8EDDC4-E006-4D3E-A819-954B50101BD0}.Debug|Any CPU.Build.0 = Debug|Any CPU
		{AD8EDDC4-E006-4D3E-A819-954B50101BD0}.Release|Any CPU.ActiveCfg = Release|Any CPU
		{AD8EDDC4-E006-4D3E-A819-954B50101BD0}.Release|Any CPU.Build.0 = Release|Any CPU
		{170AAA15-8D50-4135-9A91-1C17AB795DE2}.Debug|Any CPU.ActiveCfg = Debug|Any CPU
		{170AAA15-8D50-4135-9A91-1C17AB795DE2}.Debug|Any CPU.Build.0 = Debug|Any CPU
		{170AAA15-8D50-4135-9A91-1C17AB795DE2}.Release|Any CPU.ActiveCfg = Release|Any CPU
		{170AAA15-8D50-4135-9A91-1C17AB795DE2}.Release|Any CPU.Build.0 = Release|Any CPU
		{CBCF3AA3-4FE9-4062-8238-2956445A5089}.Debug|Any CPU.ActiveCfg = Debug|Any CPU
		{CBCF3AA3-4FE9-4062-8238-2956445A5089}.Debug|Any CPU.Build.0 = Debug|Any CPU
		{CBCF3AA3-4FE9-4062-8238-2956445A5089}.Release|Any CPU.ActiveCfg = Release|Any CPU
		{CBCF3AA3-4FE9-4062-8238-2956445A5089}.Release|Any CPU.Build.0 = Release|Any CPU
	EndGlobalSection
	GlobalSection(SolutionProperties) = preSolution
		HideSolutionNode = FALSE
	EndGlobalSection
	GlobalSection(NestedProjects) = preSolution
		{161EEC9F-719E-44DB-BC5F-DDA445EAAF98} = {36D591C7-65C7-A0D1-1CBC-10CDE441BDC8}
		{821F509E-39D5-45E8-9C3B-FA9CDFD1B701} = {392584A0-570A-4126-998B-9D2CE5B571C3}
		{C23A6C3C-B1F7-4B4D-8C7C-91D1F05F0731} = {36D591C7-65C7-A0D1-1CBC-10CDE441BDC8}
		{8FDC50C7-D3EA-4BAD-9E43-BE499E9AD684} = {392584A0-570A-4126-998B-9D2CE5B571C3}
		{DF5819D6-A87D-4D16-A1E5-2B2D7408A980} = {83B5A4CA-1CE4-4CCC-B8D4-3E2BF49C0378}
		{AD8EDDC4-E006-4D3E-A819-954B50101BD0} = {83B5A4CA-1CE4-4CCC-B8D4-3E2BF49C0378}
		{170AAA15-8D50-4135-9A91-1C17AB795DE2} = {392584A0-570A-4126-998B-9D2CE5B571C3}
		{CBCF3AA3-4FE9-4062-8238-2956445A5089} = {36D591C7-65C7-A0D1-1CBC-10CDE441BDC8}
	EndGlobalSection
	GlobalSection(ExtensibilityGlobals) = postSolution
		SolutionGuid = {DFCED2E8-D5AA-4865-9384-DA3314CF85F3}
	EndGlobalSection
EndGlobal
