
Microsoft Visual Studio Solution File, Format Version 12.00
# Visual Studio Version 17
VisualStudioVersion = 17.6.33723.286
MinimumVisualStudioVersion = 10.0.40219.1
Project("{2150E333-8FDC-42A3-9474-1A3956D46DE8}") = "UI", "UI", "{DD0AF49D-3561-493C-BA63-A63596620A52}"
EndProject
Project("{2150E333-8FDC-42A3-9474-1A3956D46DE8}") = "Services", "Services", "{66F4163C-28BB-4AB1-951F-B876B7729429}"
EndProject
Project("{2150E333-8FDC-42A3-9474-1A3956D46DE8}") = "Data", "Data", "{4D13018F-7BAE-4539-BD06-AEF630CF239B}"
EndProject
Project("{2150E333-8FDC-42A3-9474-1A3956D46DE8}") = "Domain", "Domain", "{EF6D150C-A95E-46AA-BE86-2800A6CEAA50}"
EndProject
Project("{FAE04EC0-301F-11D3-BF4B-00C04F79EFBC}") = "Hostel.WebAPI", "Services\Hostel.WebAPI\Hostel.WebAPI.csproj", "{B0687C06-9087-4DEC-9AD0-392795C85CFB}"
EndProject
Project("{FAE04EC0-301F-11D3-BF4B-00C04F79EFBC}") = "Hostel.Infrastructure", "Services\Hostel.Infrastructure\Hostel.Infrastructure.csproj", "{6320242C-36C0-4B2F-A6C3-9B10BEEA1482}"
EndProject
Project("{FAE04EC0-301F-11D3-BF4B-00C04F79EFBC}") = "Hostel.WebAPIClient", "Services\Hostel.WebAPIClient\Hostel.WebAPIClient.csproj", "{66D6050E-4123-4C81-881A-0EBFA26F4472}"
EndProject
Project("{FAE04EC0-301F-11D3-BF4B-00C04F79EFBC}") = "Hostel.DAL", "Data\Hostel.DAL\Hostel.DAL.csproj", "{34A3A272-9EC3-4DBE-B1CF-CCBE85EFD9C0}"
EndProject
Project("{FAE04EC0-301F-11D3-BF4B-00C04F79EFBC}") = "Hostel.DAL.SqlServer", "Data\Hostel.DAL.SqlServer\Hostel.DAL.SqlServer.csproj", "{52EB2C76-626D-42B3-9478-F695848BACB8}"
EndProject
Project("{FAE04EC0-301F-11D3-BF4B-00C04F79EFBC}") = "Hostel.Domain.DTO", "Domain\Hostel.Domain.DTO\Hostel.Domain.DTO.csproj", "{8139F890-60FB-4FDF-BAF5-996D639517D9}"
EndProject
Project("{FAE04EC0-301F-11D3-BF4B-00C04F79EFBC}") = "Hostel.Domain.Security", "Domain\Hostel.Domain.Security\Hostel.Domain.Security.csproj", "{4347F5D4-C995-4780-AD65-6AFE0486EC14}"
EndProject
Project("{FAE04EC0-301F-11D3-BF4B-00C04F79EFBC}") = "Hostel.Domain.Office", "Domain\Hostel.Domain.Office\Hostel.Domain.Office.csproj", "{9E847E0F-3036-45D3-85D3-7F1CDFD5928F}"
EndProject
Project("{FAE04EC0-301F-11D3-BF4B-00C04F79EFBC}") = "Hostel.BlazorUI", "UI\Hostel.BlazorUI\Hostel.BlazorUI.csproj", "{BF027D53-40AE-4287-8AAA-3EF14A6F3355}"
EndProject
Project("{FAE04EC0-301F-11D3-BF4B-00C04F79EFBC}") = "Hostel.Wpf", "UI\Hostel.Wpf\Hostel.Wpf.csproj", "{FCE14FDD-0E52-4C84-9148-C2EB0FA26EFD}"
EndProject
Project("{FAE04EC0-301F-11D3-BF4B-00C04F79EFBC}") = "Hostel.Maui", "UI\Hostel.Maui\Hostel.Maui.csproj", "{D4D6DC9E-1C3B-476D-8F6D-A99CEB10F0A8}"
EndProject
Global
	GlobalSection(SolutionConfigurationPlatforms) = preSolution
		Debug|Any CPU = Debug|Any CPU
		Release|Any CPU = Release|Any CPU
	EndGlobalSection
	GlobalSection(ProjectConfigurationPlatforms) = postSolution
		{B0687C06-9087-4DEC-9AD0-392795C85CFB}.Debug|Any CPU.ActiveCfg = Debug|Any CPU
		{B0687C06-9087-4DEC-9AD0-392795C85CFB}.Debug|Any CPU.Build.0 = Debug|Any CPU
		{B0687C06-9087-4DEC-9AD0-392795C85CFB}.Release|Any CPU.ActiveCfg = Release|Any CPU
		{B0687C06-9087-4DEC-9AD0-392795C85CFB}.Release|Any CPU.Build.0 = Release|Any CPU
		{6320242C-36C0-4B2F-A6C3-9B10BEEA1482}.Debug|Any CPU.ActiveCfg = Debug|Any CPU
		{6320242C-36C0-4B2F-A6C3-9B10BEEA1482}.Debug|Any CPU.Build.0 = Debug|Any CPU
		{6320242C-36C0-4B2F-A6C3-9B10BEEA1482}.Release|Any CPU.ActiveCfg = Release|Any CPU
		{6320242C-36C0-4B2F-A6C3-9B10BEEA1482}.Release|Any CPU.Build.0 = Release|Any CPU
		{66D6050E-4123-4C81-881A-0EBFA26F4472}.Debug|Any CPU.ActiveCfg = Debug|Any CPU
		{66D6050E-4123-4C81-881A-0EBFA26F4472}.Debug|Any CPU.Build.0 = Debug|Any CPU
		{66D6050E-4123-4C81-881A-0EBFA26F4472}.Release|Any CPU.ActiveCfg = Release|Any CPU
		{66D6050E-4123-4C81-881A-0EBFA26F4472}.Release|Any CPU.Build.0 = Release|Any CPU
		{34A3A272-9EC3-4DBE-B1CF-CCBE85EFD9C0}.Debug|Any CPU.ActiveCfg = Debug|Any CPU
		{34A3A272-9EC3-4DBE-B1CF-CCBE85EFD9C0}.Debug|Any CPU.Build.0 = Debug|Any CPU
		{34A3A272-9EC3-4DBE-B1CF-CCBE85EFD9C0}.Release|Any CPU.ActiveCfg = Release|Any CPU
		{34A3A272-9EC3-4DBE-B1CF-CCBE85EFD9C0}.Release|Any CPU.Build.0 = Release|Any CPU
		{52EB2C76-626D-42B3-9478-F695848BACB8}.Debug|Any CPU.ActiveCfg = Debug|Any CPU
		{52EB2C76-626D-42B3-9478-F695848BACB8}.Debug|Any CPU.Build.0 = Debug|Any CPU
		{52EB2C76-626D-42B3-9478-F695848BACB8}.Release|Any CPU.ActiveCfg = Release|Any CPU
		{52EB2C76-626D-42B3-9478-F695848BACB8}.Release|Any CPU.Build.0 = Release|Any CPU
		{8139F890-60FB-4FDF-BAF5-996D639517D9}.Debug|Any CPU.ActiveCfg = Debug|Any CPU
		{8139F890-60FB-4FDF-BAF5-996D639517D9}.Debug|Any CPU.Build.0 = Debug|Any CPU
		{8139F890-60FB-4FDF-BAF5-996D639517D9}.Release|Any CPU.ActiveCfg = Release|Any CPU
		{8139F890-60FB-4FDF-BAF5-996D639517D9}.Release|Any CPU.Build.0 = Release|Any CPU
		{4347F5D4-C995-4780-AD65-6AFE0486EC14}.Debug|Any CPU.ActiveCfg = Debug|Any CPU
		{4347F5D4-C995-4780-AD65-6AFE0486EC14}.Debug|Any CPU.Build.0 = Debug|Any CPU
		{4347F5D4-C995-4780-AD65-6AFE0486EC14}.Release|Any CPU.ActiveCfg = Release|Any CPU
		{4347F5D4-C995-4780-AD65-6AFE0486EC14}.Release|Any CPU.Build.0 = Release|Any CPU
		{9E847E0F-3036-45D3-85D3-7F1CDFD5928F}.Debug|Any CPU.ActiveCfg = Debug|Any CPU
		{9E847E0F-3036-45D3-85D3-7F1CDFD5928F}.Debug|Any CPU.Build.0 = Debug|Any CPU
		{9E847E0F-3036-45D3-85D3-7F1CDFD5928F}.Release|Any CPU.ActiveCfg = Release|Any CPU
		{9E847E0F-3036-45D3-85D3-7F1CDFD5928F}.Release|Any CPU.Build.0 = Release|Any CPU
		{BF027D53-40AE-4287-8AAA-3EF14A6F3355}.Debug|Any CPU.ActiveCfg = Debug|Any CPU
		{BF027D53-40AE-4287-8AAA-3EF14A6F3355}.Debug|Any CPU.Build.0 = Debug|Any CPU
		{BF027D53-40AE-4287-8AAA-3EF14A6F3355}.Release|Any CPU.ActiveCfg = Release|Any CPU
		{BF027D53-40AE-4287-8AAA-3EF14A6F3355}.Release|Any CPU.Build.0 = Release|Any CPU
		{FCE14FDD-0E52-4C84-9148-C2EB0FA26EFD}.Debug|Any CPU.ActiveCfg = Debug|Any CPU
		{FCE14FDD-0E52-4C84-9148-C2EB0FA26EFD}.Debug|Any CPU.Build.0 = Debug|Any CPU
		{FCE14FDD-0E52-4C84-9148-C2EB0FA26EFD}.Release|Any CPU.ActiveCfg = Release|Any CPU
		{FCE14FDD-0E52-4C84-9148-C2EB0FA26EFD}.Release|Any CPU.Build.0 = Release|Any CPU
		{D4D6DC9E-1C3B-476D-8F6D-A99CEB10F0A8}.Debug|Any CPU.ActiveCfg = Debug|Any CPU
		{D4D6DC9E-1C3B-476D-8F6D-A99CEB10F0A8}.Debug|Any CPU.Build.0 = Debug|Any CPU
		{D4D6DC9E-1C3B-476D-8F6D-A99CEB10F0A8}.Debug|Any CPU.Deploy.0 = Debug|Any CPU
		{D4D6DC9E-1C3B-476D-8F6D-A99CEB10F0A8}.Release|Any CPU.ActiveCfg = Release|Any CPU
		{D4D6DC9E-1C3B-476D-8F6D-A99CEB10F0A8}.Release|Any CPU.Build.0 = Release|Any CPU
		{D4D6DC9E-1C3B-476D-8F6D-A99CEB10F0A8}.Release|Any CPU.Deploy.0 = Release|Any CPU
	EndGlobalSection
	GlobalSection(SolutionProperties) = preSolution
		HideSolutionNode = FALSE
	EndGlobalSection
	GlobalSection(NestedProjects) = preSolution
		{B0687C06-9087-4DEC-9AD0-392795C85CFB} = {66F4163C-28BB-4AB1-951F-B876B7729429}
		{6320242C-36C0-4B2F-A6C3-9B10BEEA1482} = {66F4163C-28BB-4AB1-951F-B876B7729429}
		{66D6050E-4123-4C81-881A-0EBFA26F4472} = {66F4163C-28BB-4AB1-951F-B876B7729429}
		{34A3A272-9EC3-4DBE-B1CF-CCBE85EFD9C0} = {4D13018F-7BAE-4539-BD06-AEF630CF239B}
		{52EB2C76-626D-42B3-9478-F695848BACB8} = {4D13018F-7BAE-4539-BD06-AEF630CF239B}
		{8139F890-60FB-4FDF-BAF5-996D639517D9} = {EF6D150C-A95E-46AA-BE86-2800A6CEAA50}
		{4347F5D4-C995-4780-AD65-6AFE0486EC14} = {EF6D150C-A95E-46AA-BE86-2800A6CEAA50}
		{9E847E0F-3036-45D3-85D3-7F1CDFD5928F} = {EF6D150C-A95E-46AA-BE86-2800A6CEAA50}
		{BF027D53-40AE-4287-8AAA-3EF14A6F3355} = {DD0AF49D-3561-493C-BA63-A63596620A52}
		{FCE14FDD-0E52-4C84-9148-C2EB0FA26EFD} = {DD0AF49D-3561-493C-BA63-A63596620A52}
		{D4D6DC9E-1C3B-476D-8F6D-A99CEB10F0A8} = {DD0AF49D-3561-493C-BA63-A63596620A52}
	EndGlobalSection
	GlobalSection(ExtensibilityGlobals) = postSolution
		SolutionGuid = {087886A3-303E-4C53-8C79-6423E8267165}
	EndGlobalSection
EndGlobal
